
Microsoft Visual Studio Solution File, Format Version 12.00
# Visual Studio 15
VisualStudioVersion = 15.0.26730.16
MinimumVisualStudioVersion = 10.0.40219.1
Project("{FAE04EC0-301F-11D3-BF4B-00C04F79EFBC}") = "MvcApplication2", "MvcApplication2\MvcApplication2.csproj", "{2338EF32-7202-46B8-A158-561376956B22}"
EndProject
Project("{FAE04EC0-301F-11D3-BF4B-00C04F79EFBC}") = "Base", "Base\Base.csproj", "{15599199-44AC-4E8C-86A6-BE79C8E74C30}"
EndProject
Project("{FAE04EC0-301F-11D3-BF4B-00C04F79EFBC}") = "AreasAgrs", "AreasAgrs\AreasAgrs.csproj", "{DA40A332-3997-4763-B760-8B5723D80EDA}"
EndProject
Project("{FAE04EC0-301F-11D3-BF4B-00C04F79EFBC}") = "AreasPrep", "AreasPrep\AreasPrep.csproj", "{9AB85E52-0F87-4A5C-A0B8-8EDCDA7A4906}"
EndProject
Project("{FAE04EC0-301F-11D3-BF4B-00C04F79EFBC}") = "AreasItems", "AreasItems\AreasItems.csproj", "{6B2ECB64-6C8C-43BC-BB23-036B4151E763}"
EndProject
Global
	GlobalSection(SolutionConfigurationPlatforms) = preSolution
		Debug|Any CPU = Debug|Any CPU
		Release|Any CPU = Release|Any CPU
	EndGlobalSection
	GlobalSection(ProjectConfigurationPlatforms) = postSolution
		{2338EF32-7202-46B8-A158-561376956B22}.Debug|Any CPU.ActiveCfg = Debug|Any CPU
		{2338EF32-7202-46B8-A158-561376956B22}.Debug|Any CPU.Build.0 = Debug|Any CPU
		{2338EF32-7202-46B8-A158-561376956B22}.Release|Any CPU.ActiveCfg = Release|Any CPU
		{2338EF32-7202-46B8-A158-561376956B22}.Release|Any CPU.Build.0 = Release|Any CPU
		{15599199-44AC-4E8C-86A6-BE79C8E74C30}.Debug|Any CPU.ActiveCfg = Debug|Any CPU
		{15599199-44AC-4E8C-86A6-BE79C8E74C30}.Debug|Any CPU.Build.0 = Debug|Any CPU
		{15599199-44AC-4E8C-86A6-BE79C8E74C30}.Release|Any CPU.ActiveCfg = Release|Any CPU
		{15599199-44AC-4E8C-86A6-BE79C8E74C30}.Release|Any CPU.Build.0 = Release|Any CPU
		{DA40A332-3997-4763-B760-8B5723D80EDA}.Debug|Any CPU.ActiveCfg = Debug|Any CPU
		{DA40A332-3997-4763-B760-8B5723D80EDA}.Debug|Any CPU.Build.0 = Debug|Any CPU
		{DA40A332-3997-4763-B760-8B5723D80EDA}.Release|Any CPU.ActiveCfg = Release|Any CPU
		{DA40A332-3997-4763-B760-8B5723D80EDA}.Release|Any CPU.Build.0 = Release|Any CPU
		{9AB85E52-0F87-4A5C-A0B8-8EDCDA7A4906}.Debug|Any CPU.ActiveCfg = Debug|Any CPU
		{9AB85E52-0F87-4A5C-A0B8-8EDCDA7A4906}.Debug|Any CPU.Build.0 = Debug|Any CPU
		{9AB85E52-0F87-4A5C-A0B8-8EDCDA7A4906}.Release|Any CPU.ActiveCfg = Release|Any CPU
		{9AB85E52-0F87-4A5C-A0B8-8EDCDA7A4906}.Release|Any CPU.Build.0 = Release|Any CPU
		{6B2ECB64-6C8C-43BC-BB23-036B4151E763}.Debug|Any CPU.ActiveCfg = Debug|Any CPU
		{6B2ECB64-6C8C-43BC-BB23-036B4151E763}.Debug|Any CPU.Build.0 = Debug|Any CPU
		{6B2ECB64-6C8C-43BC-BB23-036B4151E763}.Release|Any CPU.ActiveCfg = Release|Any CPU
		{6B2ECB64-6C8C-43BC-BB23-036B4151E763}.Release|Any CPU.Build.0 = Release|Any CPU
	EndGlobalSection
	GlobalSection(SolutionProperties) = preSolution
		HideSolutionNode = FALSE
	EndGlobalSection
	GlobalSection(ExtensibilityGlobals) = postSolution
		SolutionGuid = {7D5B1256-B156-46AC-9ECE-B43CE6824F24}
	EndGlobalSection
EndGlobal
